
Microsoft Visual Studio Solution File, Format Version 12.00
# Visual Studio 15
VisualStudioVersion = 15.0.27428.2037
MinimumVisualStudioVersion = 10.0.40219.1
Project("{9A19103F-16F7-4668-BE54-9A1E7A4F7556}") = "ResourceManagement", "ResourceManagement\ResourceManagement.csproj", "{0F4082EA-C6EB-45D2-9957-9955A1DA789B}"
EndProject
Project("{9A19103F-16F7-4668-BE54-9A1E7A4F7556}") = "ResourceManagementData", "ResourceManagementData\ResourceManagementData.csproj", "{2FD5F522-4893-4B7A-BE23-85D59CEEE75E}"
EndProject
Project("{FAE04EC0-301F-11D3-BF4B-00C04F79EFBC}") = "ResourceManagementServices", "ResourceManagementServices\ResourceManagementServices.csproj", "{39B5CE02-3E28-4FAD-BE2E-68BEAAA2A5A3}"
EndProject
Global
	GlobalSection(SolutionConfigurationPlatforms) = preSolution
		Debug|Any CPU = Debug|Any CPU
		Release|Any CPU = Release|Any CPU
	EndGlobalSection
	GlobalSection(ProjectConfigurationPlatforms) = postSolution
		{0F4082EA-C6EB-45D2-9957-9955A1DA789B}.Debug|Any CPU.ActiveCfg = Debug|Any CPU
		{0F4082EA-C6EB-45D2-9957-9955A1DA789B}.Debug|Any CPU.Build.0 = Debug|Any CPU
		{0F4082EA-C6EB-45D2-9957-9955A1DA789B}.Release|Any CPU.ActiveCfg = Release|Any CPU
		{0F4082EA-C6EB-45D2-9957-9955A1DA789B}.Release|Any CPU.Build.0 = Release|Any CPU
		{2FD5F522-4893-4B7A-BE23-85D59CEEE75E}.Debug|Any CPU.ActiveCfg = Debug|Any CPU
		{2FD5F522-4893-4B7A-BE23-85D59CEEE75E}.Debug|Any CPU.Build.0 = Debug|Any CPU
		{2FD5F522-4893-4B7A-BE23-85D59CEEE75E}.Release|Any CPU.ActiveCfg = Release|Any CPU
		{2FD5F522-4893-4B7A-BE23-85D59CEEE75E}.Release|Any CPU.Build.0 = Release|Any CPU
		{39B5CE02-3E28-4FAD-BE2E-68BEAAA2A5A3}.Debug|Any CPU.ActiveCfg = Debug|Any CPU
		{39B5CE02-3E28-4FAD-BE2E-68BEAAA2A5A3}.Debug|Any CPU.Build.0 = Debug|Any CPU
		{39B5CE02-3E28-4FAD-BE2E-68BEAAA2A5A3}.Release|Any CPU.ActiveCfg = Release|Any CPU
		{39B5CE02-3E28-4FAD-BE2E-68BEAAA2A5A3}.Release|Any CPU.Build.0 = Release|Any CPU
	EndGlobalSection
	GlobalSection(SolutionProperties) = preSolution
		HideSolutionNode = FALSE
	EndGlobalSection
	GlobalSection(ExtensibilityGlobals) = postSolution
		SolutionGuid = {2AF4762A-7131-461A-8CD1-FCFF2C850E07}
	EndGlobalSection
EndGlobal
